<?xml version="1.0" encoding="utf-8"?>
<Project ToolsVersion="4.0" xmlns="http://schemas.microsoft.com/developer/msbuild/2003">
  <ItemGroup>
    <ClCompile Include="Util.cpp">
      <Filter>Source</Filter>
    </ClCompile>
    <ClCompile Include="Generate.cpp">
      <Filter>Source</Filter>
    </ClCompile>
    <ClCompile Include="GraphicsEnvironment.cpp">
      <Filter>Source</Filter>
    </ClCompile>
    <ClCompile Include="GameObject.cpp">
      <Filter>Source</Filter>
    </ClCompile>
    <ClCompile Include="Renderer.cpp">
      <Filter>Source</Filter>
    </ClCompile>
    <ClCompile Include="Main.cpp">
      <Filter>Source</Filter>
    </ClCompile>
    <ClCompile Include="Scene.cpp">
      <Filter>Source</Filter>
    </ClCompile>
    <ClCompile Include="Shader.cpp">
      <Filter>Source</Filter>
    </ClCompile>
    <ClCompile Include="Texture2D.cpp">
      <Filter>Source</Filter>
    </ClCompile>
    <ClCompile Include="Timer.cpp">
      <Filter>Source</Filter>
    </ClCompile>
    <ClCompile Include="..\3rdparty\glad\src\glad.c">
      <Filter>Source\Third Party</Filter>
    </ClCompile>
    <ClCompile Include="..\3rdparty\imgui\imgui.cpp">
      <Filter>Source\Third Party</Filter>
    </ClCompile>
    <ClCompile Include="..\3rdparty\imgui\imgui_demo.cpp">
      <Filter>Source\Third Party</Filter>
    </ClCompile>
    <ClCompile Include="..\3rdparty\imgui\imgui_draw.cpp">
      <Filter>Source\Third Party</Filter>
    </ClCompile>
    <ClCompile Include="..\3rdparty\imgui\imgui_impl_glfw.cpp">
      <Filter>Source\Third Party</Filter>
    </ClCompile>
    <ClCompile Include="..\3rdparty\imgui\imgui_impl_opengl3.cpp">
      <Filter>Source\Third Party</Filter>
    </ClCompile>
    <ClCompile Include="..\3rdparty\imgui\imgui_tables.cpp">
      <Filter>Source\Third Party</Filter>
    </ClCompile>
    <ClCompile Include="..\3rdparty\imgui\imgui_widgets.cpp">
      <Filter>Source\Third Party</Filter>
    </ClCompile>
    <ClCompile Include="ObjectManager.cpp">
      <Filter>Source</Filter>
    </ClCompile>
    <ClCompile Include="Camera.cpp">
      <Filter>Source</Filter>
    </ClCompile>
    <ClCompile Include="ShaderManager.cpp">
      <Filter>Source</Filter>
    </ClCompile>
    <ClCompile Include="Ray.cpp">
      <Filter>Resources</Filter>
    </ClCompile>
    <ClCompile Include="BoundingBox.cpp">
      <Filter>Resources</Filter>
    </ClCompile>
    <ClCompile Include="Behavior.cpp">
      <Filter>Source</Filter>
    </ClCompile>
    <ClCompile Include="Input.cpp">
      <Filter>Source</Filter>
    </ClCompile>
    <ClCompile Include="Mesh.cpp">
      <Filter>Source</Filter>
    </ClCompile>
    <ClCompile Include="BaseTexture.cpp">
      <Filter>Source</Filter>
    </ClCompile>
    <ClCompile Include="Material.cpp">
      <Filter>Source</Filter>
    </ClCompile>
  </ItemGroup>
  <ItemGroup>
    <ClInclude Include="Util.h">
      <Filter>Headers</Filter>
    </ClInclude>
    <ClInclude Include="Timer.h">
      <Filter>Headers</Filter>
    </ClInclude>
    <ClInclude Include="Texture2D.h">
      <Filter>Headers</Filter>
    </ClInclude>
    <ClInclude Include="Shader.h">
      <Filter>Headers</Filter>
    </ClInclude>
    <ClInclude Include="Scene.h">
      <Filter>Headers</Filter>
    </ClInclude>
    <ClInclude Include="Renderer.h">
      <Filter>Headers</Filter>
    </ClInclude>
    <ClInclude Include="GameObject.h">
      <Filter>Headers</Filter>
    </ClInclude>
    <ClInclude Include="GraphicsEnvironment.h">
      <Filter>Headers</Filter>
    </ClInclude>
    <ClInclude Include="Generate.h">
      <Filter>Headers</Filter>
    </ClInclude>
    <ClInclude Include="ObjectManager.h">
      <Filter>Headers</Filter>
    </ClInclude>
    <ClInclude Include="Camera.h">
      <Filter>Headers</Filter>
    </ClInclude>
    <ClInclude Include="GraphicsStructures.h">
      <Filter>Headers</Filter>
    </ClInclude>
    <ClInclude Include="ShaderManager.h">
      <Filter>Headers</Filter>
    </ClInclude>
    <ClInclude Include="GeometricPlane.h">
      <Filter>Resources</Filter>
    </ClInclude>
    <ClInclude Include="BoundingBox.h">
      <Filter>Resources</Filter>
    </ClInclude>
    <ClInclude Include="Ray.h">
      <Filter>Resources</Filter>
    </ClInclude>
    <ClInclude Include="Mesh.h">
      <Filter>Headers</Filter>
    </ClInclude>
    <ClInclude Include="Behavior.h">
      <Filter>Headers</Filter>
    </ClInclude>
    <ClInclude Include="Input.h">
      <Filter>Headers</Filter>
    </ClInclude>
    <ClInclude Include="BaseTexture.h">
      <Filter>Headers</Filter>
    </ClInclude>
    <ClInclude Include="Defs.h">
      <Filter>Headers</Filter>
    </ClInclude>
    <ClInclude Include="Material.h">
      <Filter>Headers</Filter>
    </ClInclude>
    <ClInclude Include="JsonUtils.h">
      <Filter>Headers</Filter>
    </ClInclude>
  </ItemGroup>
  <ItemGroup>
    <Image Include="..\..\..\..\..\..\..\Downloads\crate.png">
      <Filter>Resources\Images</Filter>
    </Image>
    <Image Include="floor.png">
      <Filter>Resources\Images</Filter>
    </Image>
    <Image Include="gw.png">
      <Filter>Resources\Images</Filter>
    </Image>
    <Image Include="lightbulb.png">
      <Filter>Resources\Images</Filter>
    </Image>
    <Image Include="cipher.png">
      <Filter>Resources\Images</Filter>
    </Image>
    <Image Include="..\fallback.png">
      <Filter>Resources\Images</Filter>
    </Image>
  </ItemGroup>
  <ItemGroup>
    <None Include="basic.frag.glsl">
      <Filter>Resources\Shaders</Filter>
    </None>
    <None Include="basic.vert.glsl">
      <Filter>Resources\Shaders</Filter>
    </None>
    <None Include="texture.frag.glsl">
      <Filter>Resources\Shaders</Filter>
    </None>
    <None Include="texture.vert.glsl">
      <Filter>Resources\Shaders</Filter>
    </None>
    <None Include="diffuse.frag.glsl">
      <Filter>Resources\Shaders</Filter>
    </None>
    <None Include="diffuse.vert.glsl">
      <Filter>Resources\Shaders</Filter>
    </None>
    <None Include="norm.vert.glsl">
      <Filter>Resources\Shaders</Filter>
    </None>
    <None Include="norm.frag.glsl">
      <Filter>Resources\Shaders</Filter>
    </None>
    <None Include="scene_schema.json">
      <Filter>Resources\Json</Filter>
    </None>
    <None Include="test_scene.json">
      <Filter>Resources\Json</Filter>
    </None>
  </ItemGroup>
  <ItemGroup>
    <Filter Include="Source">
      <UniqueIdentifier>{492909ec-ca7f-4364-af38-04ca844ff543}</UniqueIdentifier>
    </Filter>
    <Filter Include="Resources">
      <UniqueIdentifier>{e4f6c815-aa6c-47f8-a626-b93cc90b5cc5}</UniqueIdentifier>
    </Filter>
    <Filter Include="Headers">
      <UniqueIdentifier>{63685aba-fd89-459d-a5b0-650f703bb8ff}</UniqueIdentifier>
    </Filter>
    <Filter Include="Source\Third Party">
      <UniqueIdentifier>{0b6d481e-9b96-4c3b-b77a-d8095c777c5a}</UniqueIdentifier>
    </Filter>
    <Filter Include="Resources\Shaders">
      <UniqueIdentifier>{845a6caf-4c09-4506-ac6b-8c0050b63a53}</UniqueIdentifier>
    </Filter>
    <Filter Include="Resources\Images">
      <UniqueIdentifier>{61cc2e49-a1ef-4dae-ae71-eaf0df993ebe}</UniqueIdentifier>
    </Filter>
    <Filter Include="Resources\Json">
      <UniqueIdentifier>{96489938-dbff-4757-9b85-09efca7ed67b}</UniqueIdentifier>
    </Filter>
  </ItemGroup>
</Project>